
Microsoft Visual Studio Solution File, Format Version 12.00
# Visual Studio Version 17
VisualStudioVersion = 17.8.34330.188
MinimumVisualStudioVersion = 10.0.40219.1
Project("{FAE04EC0-301F-11D3-BF4B-00C04F79EFBC}") = "INFORMATION MANAGEMENT", "INFORMATION MANAGEMENT\INFORMATION MANAGEMENT.csproj", "{1ED61B48-3D1D-433E-84AC-3CB87BA50EA5}"
EndProject
Global
	GlobalSection(SolutionConfigurationPlatforms) = preSolution
		Debug|Any CPU = Debug|Any CPU
		Release|Any CPU = Release|Any CPU
	EndGlobalSection
	GlobalSection(ProjectConfigurationPlatforms) = postSolution
		{1ED61B48-3D1D-433E-84AC-3CB87BA50EA5}.Debug|Any CPU.ActiveCfg = Debug|Any CPU
		{1ED61B48-3D1D-433E-84AC-3CB87BA50EA5}.Debug|Any CPU.Build.0 = Debug|Any CPU
		{1ED61B48-3D1D-433E-84AC-3CB87BA50EA5}.Release|Any CPU.ActiveCfg = Release|Any CPU
		{1ED61B48-3D1D-433E-84AC-3CB87BA50EA5}.Release|Any CPU.Build.0 = Release|Any CPU
	EndGlobalSection
	GlobalSection(SolutionProperties) = preSolution
		HideSolutionNode = FALSE
	EndGlobalSection
	GlobalSection(ExtensibilityGlobals) = postSolution
		SolutionGuid = {92749E06-EAAF-4BC8-8A69-4794D2DE5004}
	EndGlobalSection
EndGlobal
